
Microsoft Visual Studio Solution File, Format Version 12.00
# Visual Studio Version 17
VisualStudioVersion = 17.11.35327.3
MinimumVisualStudioVersion = 10.0.40219.1
Project("{9A19103F-16F7-4668-BE54-9A1E7A4F7556}") = "FluentOpenApiValidation", "src\FluentOpenApiValidation\FluentOpenApiValidation.csproj", "{BDD2D1BC-055B-4145-B33C-677117ABBCC2}"
EndProject
Project("{FAE04EC0-301F-11D3-BF4B-00C04F79EFBC}") = "FluentOpenApiTest", "src\FluentOpenApiValidation.Tests\FluentOpenApiTest.csproj", "{B1B3FDA6-0430-4A01-BC78-158F91440E5F}"
EndProject
Global
	GlobalSection(SolutionConfigurationPlatforms) = preSolution
		Debug|Any CPU = Debug|Any CPU
		Release|Any CPU = Release|Any CPU
	EndGlobalSection
	GlobalSection(ProjectConfigurationPlatforms) = postSolution
		{BDD2D1BC-055B-4145-B33C-677117ABBCC2}.Debug|Any CPU.ActiveCfg = Debug|Any CPU
		{BDD2D1BC-055B-4145-B33C-677117ABBCC2}.Debug|Any CPU.Build.0 = Debug|Any CPU
		{BDD2D1BC-055B-4145-B33C-677117ABBCC2}.Release|Any CPU.ActiveCfg = Release|Any CPU
		{BDD2D1BC-055B-4145-B33C-677117ABBCC2}.Release|Any CPU.Build.0 = Release|Any CPU
		{B1B3FDA6-0430-4A01-BC78-158F91440E5F}.Debug|Any CPU.ActiveCfg = Debug|Any CPU
		{B1B3FDA6-0430-4A01-BC78-158F91440E5F}.Debug|Any CPU.Build.0 = Debug|Any CPU
		{B1B3FDA6-0430-4A01-BC78-158F91440E5F}.Release|Any CPU.ActiveCfg = Release|Any CPU
		{B1B3FDA6-0430-4A01-BC78-158F91440E5F}.Release|Any CPU.Build.0 = Release|Any CPU
	EndGlobalSection
	GlobalSection(SolutionProperties) = preSolution
		HideSolutionNode = FALSE
	EndGlobalSection
	GlobalSection(ExtensibilityGlobals) = postSolution
		SolutionGuid = {6FA2019D-4B40-495C-928E-8AA77138BB6D}
	EndGlobalSection
EndGlobal
